
Microsoft Visual Studio Solution File, Format Version 12.00
# Visual Studio Version 17
VisualStudioVersion = 17.9.34714.143
MinimumVisualStudioVersion = 10.0.40219.1
Project("{FAE04EC0-301F-11D3-BF4B-00C04F79EFBC}") = "Lab8", "Lab8.csproj", "{C183750B-E688-4FD3-8F1F-20C9A7100402}"
EndProject
Global
	GlobalSection(SolutionConfigurationPlatforms) = preSolution
		Debug|Any CPU = Debug|Any CPU
		Release|Any CPU = Release|Any CPU
	EndGlobalSection
	GlobalSection(ProjectConfigurationPlatforms) = postSolution
		{C183750B-E688-4FD3-8F1F-20C9A7100402}.Debug|Any CPU.ActiveCfg = Debug|Any CPU
		{C183750B-E688-4FD3-8F1F-20C9A7100402}.Debug|Any CPU.Build.0 = Debug|Any CPU
		{C183750B-E688-4FD3-8F1F-20C9A7100402}.Release|Any CPU.ActiveCfg = Release|Any CPU
		{C183750B-E688-4FD3-8F1F-20C9A7100402}.Release|Any CPU.Build.0 = Release|Any CPU
	EndGlobalSection
	GlobalSection(SolutionProperties) = preSolution
		HideSolutionNode = FALSE
	EndGlobalSection
	GlobalSection(ExtensibilityGlobals) = postSolution
		SolutionGuid = {80CC65DA-83F7-4AC2-A673-9394A2A2C542}
	EndGlobalSection
EndGlobal
