
Microsoft Visual Studio Solution File, Format Version 12.00
# Visual Studio Version 17
VisualStudioVersion = 17.7.34031.279
MinimumVisualStudioVersion = 10.0.40219.1
Project("{FAE04EC0-301F-11D3-BF4B-00C04F79EFBC}") = "Lab1", "Lab1.csproj", "{F5565FEC-AF93-4A79-88F1-6B54AB3A37AA}"
EndProject
Global
	GlobalSection(SolutionConfigurationPlatforms) = preSolution
		Debug|Any CPU = Debug|Any CPU
		Release|Any CPU = Release|Any CPU
	EndGlobalSection
	GlobalSection(ProjectConfigurationPlatforms) = postSolution
		{F5565FEC-AF93-4A79-88F1-6B54AB3A37AA}.Debug|Any CPU.ActiveCfg = Debug|Any CPU
		{F5565FEC-AF93-4A79-88F1-6B54AB3A37AA}.Debug|Any CPU.Build.0 = Debug|Any CPU
		{F5565FEC-AF93-4A79-88F1-6B54AB3A37AA}.Release|Any CPU.ActiveCfg = Release|Any CPU
		{F5565FEC-AF93-4A79-88F1-6B54AB3A37AA}.Release|Any CPU.Build.0 = Release|Any CPU
	EndGlobalSection
	GlobalSection(SolutionProperties) = preSolution
		HideSolutionNode = FALSE
	EndGlobalSection
	GlobalSection(ExtensibilityGlobals) = postSolution
		SolutionGuid = {CBCFF8BE-1DBD-48DC-A5C6-0C9665F661F2}
	EndGlobalSection
EndGlobal
