
Microsoft Visual Studio Solution File, Format Version 12.00
# Visual Studio Version 17
VisualStudioVersion = 17.3.32825.248
MinimumVisualStudioVersion = 10.0.40219.1
Project("{FAE04EC0-301F-11D3-BF4B-00C04F79EFBC}") = "Lab3", "Lab3.csproj", "{B0ED0FBB-8FD1-456B-8777-BBB5F32CB4D6}"
EndProject
Global
	GlobalSection(SolutionConfigurationPlatforms) = preSolution
		Debug|Any CPU = Debug|Any CPU
		Release|Any CPU = Release|Any CPU
	EndGlobalSection
	GlobalSection(ProjectConfigurationPlatforms) = postSolution
		{B0ED0FBB-8FD1-456B-8777-BBB5F32CB4D6}.Debug|Any CPU.ActiveCfg = Debug|Any CPU
		{B0ED0FBB-8FD1-456B-8777-BBB5F32CB4D6}.Debug|Any CPU.Build.0 = Debug|Any CPU
		{B0ED0FBB-8FD1-456B-8777-BBB5F32CB4D6}.Release|Any CPU.ActiveCfg = Release|Any CPU
		{B0ED0FBB-8FD1-456B-8777-BBB5F32CB4D6}.Release|Any CPU.Build.0 = Release|Any CPU
	EndGlobalSection
	GlobalSection(SolutionProperties) = preSolution
		HideSolutionNode = FALSE
	EndGlobalSection
	GlobalSection(ExtensibilityGlobals) = postSolution
		SolutionGuid = {93C7AD79-DD8C-4858-9B76-081697914824}
	EndGlobalSection
EndGlobal
